
Microsoft Visual Studio Solution File, Format Version 12.00
# Visual Studio Version 17
VisualStudioVersion = 17.7.34031.279
MinimumVisualStudioVersion = 10.0.40219.1
Project("{9A19103F-16F7-4668-BE54-9A1E7A4F7556}") = "BattleShipGame", "BattleShipGame\BattleShipGame.csproj", "{A2351439-46D6-49DD-9788-2181AFF45C7A}"
EndProject
Project("{9A19103F-16F7-4668-BE54-9A1E7A4F7556}") = "BattleshipGame.Tests", "BattleshipGame.Tests\BattleshipGame.Tests.csproj", "{DECF4959-EDAF-4F81-A3FD-90A381BABDA0}"
EndProject
Global
	GlobalSection(SolutionConfigurationPlatforms) = preSolution
		Debug|Any CPU = Debug|Any CPU
		Release|Any CPU = Release|Any CPU
	EndGlobalSection
	GlobalSection(ProjectConfigurationPlatforms) = postSolution
		{A2351439-46D6-49DD-9788-2181AFF45C7A}.Debug|Any CPU.ActiveCfg = Debug|Any CPU
		{A2351439-46D6-49DD-9788-2181AFF45C7A}.Debug|Any CPU.Build.0 = Debug|Any CPU
		{A2351439-46D6-49DD-9788-2181AFF45C7A}.Release|Any CPU.ActiveCfg = Release|Any CPU
		{A2351439-46D6-49DD-9788-2181AFF45C7A}.Release|Any CPU.Build.0 = Release|Any CPU
		{DECF4959-EDAF-4F81-A3FD-90A381BABDA0}.Debug|Any CPU.ActiveCfg = Debug|Any CPU
		{DECF4959-EDAF-4F81-A3FD-90A381BABDA0}.Debug|Any CPU.Build.0 = Debug|Any CPU
		{DECF4959-EDAF-4F81-A3FD-90A381BABDA0}.Release|Any CPU.ActiveCfg = Release|Any CPU
		{DECF4959-EDAF-4F81-A3FD-90A381BABDA0}.Release|Any CPU.Build.0 = Release|Any CPU
	EndGlobalSection
	GlobalSection(SolutionProperties) = preSolution
		HideSolutionNode = FALSE
	EndGlobalSection
	GlobalSection(ExtensibilityGlobals) = postSolution
		SolutionGuid = {B652DEE5-A50A-4F74-AD35-126E37E831EE}
	EndGlobalSection
EndGlobal
